
Microsoft Visual Studio Solution File, Format Version 12.00
# Visual Studio Version 16
VisualStudioVersion = 16.0.30011.22
MinimumVisualStudioVersion = 10.0.40219.1
Project("{FAE04EC0-301F-11D3-BF4B-00C04F79EFBC}") = "suninfo", "suninfo\suninfo.csproj", "{568B48B3-FA82-4345-9A47-23C186A123BA}"
EndProject
Global
	GlobalSection(SolutionConfigurationPlatforms) = preSolution
		Debug|Any CPU = Debug|Any CPU
		Release|Any CPU = Release|Any CPU
	EndGlobalSection
	GlobalSection(ProjectConfigurationPlatforms) = postSolution
		{568B48B3-FA82-4345-9A47-23C186A123BA}.Debug|Any CPU.ActiveCfg = Debug|Any CPU
		{568B48B3-FA82-4345-9A47-23C186A123BA}.Debug|Any CPU.Build.0 = Debug|Any CPU
		{568B48B3-FA82-4345-9A47-23C186A123BA}.Release|Any CPU.ActiveCfg = Release|Any CPU
		{568B48B3-FA82-4345-9A47-23C186A123BA}.Release|Any CPU.Build.0 = Release|Any CPU
	EndGlobalSection
	GlobalSection(SolutionProperties) = preSolution
		HideSolutionNode = FALSE
	EndGlobalSection
	GlobalSection(ExtensibilityGlobals) = postSolution
		SolutionGuid = {7070A491-CCEC-4D1B-B1BE-537DDEFEC816}
	EndGlobalSection
EndGlobal
